{
  "requires": true,
  "lockfileVersion": 1,
  "dependencies": {
    "localized-strings": {
      "version": "0.2.4",
      "resolved": "https://registry.npmjs.org/localized-strings/-/localized-strings-0.2.4.tgz",
      "integrity": "sha512-TKDhqFPkIIN/if2FSvVVZTaM/GP9TzfgdQ2uY65mr32xgFu5nqkKXprXbzy5rfx32DF5LDvS/y1UqYF/mAscYA=="
    },
    "react-localization": {
      "version": "1.0.15",
      "resolved": "https://registry.npmjs.org/react-localization/-/react-localization-1.0.15.tgz",
      "integrity": "sha512-s+yK3EqPUhN8kAfUIoA5m0a0iGOvxB3DrvngYnSZNLRQRX+yS7LYfTuKT66KVa3Cr6EP4iGRtw4XRqpsi1ZLjw==",
      "requires": {
        "localized-strings": "^0.2.0"
      }
    }
  }
}
